
Microsoft Visual Studio Solution File, Format Version 12.00
Project("{FAE04EC0-301F-11D3-BF4B-00C04F79EFBC}") = "ExportTest", "ExportTest\ExportTest.csproj", "{37BC4877-E3C8-4DD1-9565-D8C39E92B32B}"
EndProject
Global
	GlobalSection(SolutionConfigurationPlatforms) = preSolution
		Debug|Any CPU = Debug|Any CPU
		Release|Any CPU = Release|Any CPU
	EndGlobalSection
	GlobalSection(ProjectConfigurationPlatforms) = postSolution
		{37BC4877-E3C8-4DD1-9565-D8C39E92B32B}.Debug|Any CPU.ActiveCfg = Debug|Any CPU
		{37BC4877-E3C8-4DD1-9565-D8C39E92B32B}.Debug|Any CPU.Build.0 = Debug|Any CPU
		{37BC4877-E3C8-4DD1-9565-D8C39E92B32B}.Release|Any CPU.ActiveCfg = Release|Any CPU
		{37BC4877-E3C8-4DD1-9565-D8C39E92B32B}.Release|Any CPU.Build.0 = Release|Any CPU
	EndGlobalSection
EndGlobal
